
Microsoft Visual Studio Solution File, Format Version 12.00
# Visual Studio Version 16
VisualStudioVersion = 16.0.31129.286
MinimumVisualStudioVersion = 10.0.40219.1
Project("{FAE04EC0-301F-11D3-BF4B-00C04F79EFBC}") = "GetImagesPDFINATOR", "GetImagesPDFINATOR\GetImagesPDFINATOR.csproj", "{C0AAE254-E170-4ACC-8F0B-349B2F6B2303}"
EndProject
Global
	GlobalSection(SolutionConfigurationPlatforms) = preSolution
		Debug|Any CPU = Debug|Any CPU
		Release|Any CPU = Release|Any CPU
	EndGlobalSection
	GlobalSection(ProjectConfigurationPlatforms) = postSolution
		{C0AAE254-E170-4ACC-8F0B-349B2F6B2303}.Debug|Any CPU.ActiveCfg = Debug|Any CPU
		{C0AAE254-E170-4ACC-8F0B-349B2F6B2303}.Debug|Any CPU.Build.0 = Debug|Any CPU
		{C0AAE254-E170-4ACC-8F0B-349B2F6B2303}.Release|Any CPU.ActiveCfg = Release|Any CPU
		{C0AAE254-E170-4ACC-8F0B-349B2F6B2303}.Release|Any CPU.Build.0 = Release|Any CPU
	EndGlobalSection
	GlobalSection(SolutionProperties) = preSolution
		HideSolutionNode = FALSE
	EndGlobalSection
	GlobalSection(ExtensibilityGlobals) = postSolution
		SolutionGuid = {6755E846-A018-402B-9F49-2CBE7AD8A1DE}
	EndGlobalSection
EndGlobal
